
Microsoft Visual Studio Solution File, Format Version 12.00
# Visual Studio Version 17
VisualStudioVersion = 17.8.34525.116
MinimumVisualStudioVersion = 10.0.40219.1
Project("{FAE04EC0-301F-11D3-BF4B-00C04F79EFBC}") = "MeuPrimeiroMaui", "meuPrimeiroMaui\MeuPrimeiroMaui.csproj", "{81CC8F22-BE29-425B-A32C-F2E298097D96}"
EndProject
Global
	GlobalSection(SolutionConfigurationPlatforms) = preSolution
		Debug|Any CPU = Debug|Any CPU
		Release|Any CPU = Release|Any CPU
	EndGlobalSection
	GlobalSection(ProjectConfigurationPlatforms) = postSolution
		{81CC8F22-BE29-425B-A32C-F2E298097D96}.Debug|Any CPU.ActiveCfg = Debug|Any CPU
		{81CC8F22-BE29-425B-A32C-F2E298097D96}.Debug|Any CPU.Build.0 = Debug|Any CPU
		{81CC8F22-BE29-425B-A32C-F2E298097D96}.Debug|Any CPU.Deploy.0 = Debug|Any CPU
		{81CC8F22-BE29-425B-A32C-F2E298097D96}.Release|Any CPU.ActiveCfg = Release|Any CPU
		{81CC8F22-BE29-425B-A32C-F2E298097D96}.Release|Any CPU.Build.0 = Release|Any CPU
		{81CC8F22-BE29-425B-A32C-F2E298097D96}.Release|Any CPU.Deploy.0 = Release|Any CPU
	EndGlobalSection
	GlobalSection(SolutionProperties) = preSolution
		HideSolutionNode = FALSE
	EndGlobalSection
	GlobalSection(ExtensibilityGlobals) = postSolution
		SolutionGuid = {DFD1A127-E4CA-4037-A643-3B64AD6A9233}
	EndGlobalSection
EndGlobal
